// !$*UTF8*$!
{
	archiveVersion = 1;
	classes = {
	};
	objectVersion = 50;
	objects = {

/* Begin PBXBuildFile section */
		EA16590620E74F8700C00038 /* AppDelegate.swift in Sources */ = {isa = PBXBuildFile; fileRef = EA16590520E74F8700C00038 /* AppDelegate.swift */; };
		EA16590820E74F8700C00038 /* ViewController.swift in Sources */ = {isa = PBXBuildFile; fileRef = EA16590720E74F8700C00038 /* ViewController.swift */; };
		EA16590B20E74F8700C00038 /* Main.storyboard in Resources */ = {isa = PBXBuildFile; fileRef = EA16590920E74F8700C00038 /* Main.storyboard */; };
		EA16590D20E74F8900C00038 /* Assets.xcassets in Resources */ = {isa = PBXBuildFile; fileRef = EA16590C20E74F8900C00038 /* Assets.xcassets */; };
		EA16591020E74F8900C00038 /* LaunchScreen.storyboard in Resources */ = {isa = PBXBuildFile; fileRef = EA16590E20E74F8900C00038 /* LaunchScreen.storyboard */; };
		EA16591B20E74F8A00C00038 /* YGN_TutionsTests.swift in Sources */ = {isa = PBXBuildFile; fileRef = EA16591A20E74F8A00C00038 /* YGN_TutionsTests.swift */; };
		EA16592620E74F8A00C00038 /* YGN_TutionsUITests.swift in Sources */ = {isa = PBXBuildFile; fileRef = EA16592520E74F8A00C00038 /* YGN_TutionsUITests.swift */; };
/* End PBXBuildFile section */

/* Begin PBXContainerItemProxy section */
		EA16591720E74F8A00C00038 /* PBXContainerItemProxy */ = {
			isa = PBXContainerItemProxy;
			containerPortal = EA1658FA20E74F8700C00038 /* Project object */;
			proxyType = 1;
			remoteGlobalIDString = EA16590120E74F8700C00038;
			remoteInfo = YGN_Tutions;
		};
		EA16592220E74F8A00C00038 /* PBXContainerItemProxy */ = {
			isa = PBXContainerItemProxy;
			containerPortal = EA1658FA20E74F8700C00038 /* Project object */;
			proxyType = 1;
			remoteGlobalIDString = EA16590120E74F8700C00038;
			remoteInfo = YGN_Tutions;
		};
/* End PBXContainerItemProxy section */

/* Begin PBXFileReference section */
		EA16590220E74F8700C00038 /* YGN_Tutions.app */ = {isa = PBXFileReference; explicitFileType = wrapper.application; includeInIndex = 0; path = YGN_Tutions.app; sourceTree = BUILT_PRODUCTS_DIR; };
		EA16590520E74F8700C00038 /* AppDelegate.swift */ = {isa = PBXFileReference; lastKnownFileType = sourcecode.swift; path = AppDelegate.swift; sourceTree = "<group>"; };
		EA16590720E74F8700C00038 /* ViewController.swift */ = {isa = PBXFileReference; lastKnownFileType = sourcecode.swift; path = ViewController.swift; sourceTree = "<group>"; };
		EA16590A20E74F8700C00038 /* Base */ = {isa = PBXFileReference; lastKnownFileType = file.storyboard; name = Base; path = Base.lproj/Main.storyboard; sourceTree = "<group>"; };
		EA16590C20E74F8900C00038 /* Assets.xcassets */ = {isa = PBXFileReference; lastKnownFileType = folder.assetcatalog; path = Assets.xcassets; sourceTree = "<group>"; };
		EA16590F20E74F8900C00038 /* Base */ = {isa = PBXFileReference; lastKnownFileType = file.storyboard; name = Base; path = Base.lproj/LaunchScreen.storyboard; sourceTree = "<group>"; };
		EA16591120E74F8A00C00038 /* Info.plist */ = {isa = PBXFileReference; lastKnownFileType = text.plist.xml; path = Info.plist; sourceTree = "<group>"; };
		EA16591620E74F8A00C00038 /* YGN_TutionsTests.xctest */ = {isa = PBXFileReference; explicitFileType = wrapper.cfbundle; includeInIndex = 0; path = YGN_TutionsTests.xctest; sourceTree = BUILT_PRODUCTS_DIR; };
		EA16591A20E74F8A00C00038 /* YGN_TutionsTests.swift */ = {isa = PBXFileReference; lastKnownFileType = sourcecode.swift; path = YGN_TutionsTests.swift; sourceTree = "<group>"; };
		EA16591C20E74F8A00C00038 /* Info.plist */ = {isa = PBXFileReference; lastKnownFileType = text.plist.xml; path = Info.plist; sourceTree = "<group>"; };
		EA16592120E74F8A00C00038 /* YGN_TutionsUITests.xctest */ = {isa = PBXFileReference; explicitFileType = wrapper.cfbundle; includeInIndex = 0; path = YGN_TutionsUITests.xctest; sourceTree = BUILT_PRODUCTS_DIR; };
		EA16592520E74F8A00C00038 /* YGN_TutionsUITests.swift */ = {isa = PBXFileReference; lastKnownFileType = sourcecode.swift; path = YGN_TutionsUITests.swift; sourceTree = "<group>"; };
		EA16592720E74F8A00C00038 /* Info.plist */ = {isa = PBXFileReference; lastKnownFileType = text.plist.xml; path = Info.plist; sourceTree = "<group>"; };
/* End PBXFileReference section */

/* Begin PBXFrameworksBuildPhase section */
		EA1658FF20E74F8700C00038 /* Frameworks */ = {
			isa = PBXFrameworksBuildPhase;
			buildActionMask = 2147483647;
			files = (
			);
			runOnlyForDeploymentPostprocessing = 0;
		};
		EA16591320E74F8A00C00038 /* Frameworks */ = {
			isa = PBXFrameworksBuildPhase;
			buildActionMask = 2147483647;
			files = (
			);
			runOnlyForDeploymentPostprocessing = 0;
		};
		EA16591E20E74F8A00C00038 /* Frameworks */ = {
			isa = PBXFrameworksBuildPhase;
			buildActionMask = 2147483647;
			files = (
			);
			runOnlyForDeploymentPostprocessing = 0;
		};
/* End PBXFrameworksBuildPhase section */

/* Begin PBXGroup section */
		EA1658F920E74F8700C00038 = {
			isa = PBXGroup;
			children = (
				EA16590420E74F8700C00038 /* YGN_Tutions */,
				EA16591920E74F8A00C00038 /* YGN_TutionsTests */,
				EA16592420E74F8A00C00038 /* YGN_TutionsUITests */,
				EA16590320E74F8700C00038 /* Products */,
			);
			sourceTree = "<group>";
		};
		EA16590320E74F8700C00038 /* Products */ = {
			isa = PBXGroup;
			children = (
				EA16590220E74F8700C00038 /* YGN_Tutions.app */,
				EA16591620E74F8A00C00038 /* YGN_TutionsTests.xctest */,
				EA16592120E74F8A00C00038 /* YGN_TutionsUITests.xctest */,
			);
			name = Products;
			sourceTree = "<group>";
		};
		EA16590420E74F8700C00038 /* YGN_Tutions */ = {
			isa = PBXGroup;
			children = (
				EA16590520E74F8700C00038 /* AppDelegate.swift */,
				EA16590720E74F8700C00038 /* ViewController.swift */,
				EA16590920E74F8700C00038 /* Main.storyboard */,
				EA16590C20E74F8900C00038 /* Assets.xcassets */,
				EA16590E20E74F8900C00038 /* LaunchScreen.storyboard */,
				EA16591120E74F8A00C00038 /* Info.plist */,
			);
			path = YGN_Tutions;
			sourceTree = "<group>";
		};
		EA16591920E74F8A00C00038 /* YGN_TutionsTests */ = {
			isa = PBXGroup;
			children = (
				EA16591A20E74F8A00C00038 /* YGN_TutionsTests.swift */,
				EA16591C20E74F8A00C00038 /* Info.plist */,
			);
			path = YGN_TutionsTests;
			sourceTree = "<group>";
		};
		EA16592420E74F8A00C00038 /* YGN_TutionsUITests */ = {
			isa = PBXGroup;
			children = (
				EA16592520E74F8A00C00038 /* YGN_TutionsUITests.swift */,
				EA16592720E74F8A00C00038 /* Info.plist */,
			);
			path = YGN_TutionsUITests;
			sourceTree = "<group>";
		};
/* End PBXGroup section */

/* Begin PBXNativeTarget section */
		EA16590120E74F8700C00038 /* YGN_Tutions */ = {
			isa = PBXNativeTarget;
			buildConfigurationList = EA16592A20E74F8A00C00038 /* Build configuration list for PBXNativeTarget "YGN_Tutions" */;
			buildPhases = (
				EA1658FE20E74F8700C00038 /* Sources */,
				EA1658FF20E74F8700C00038 /* Frameworks */,
				EA16590020E74F8700C00038 /* Resources */,
			);
			buildRules = (
			);
			dependencies = (
			);
			name = YGN_Tutions;
			productName = YGN_Tutions;
			productReference = EA16590220E74F8700C00038 /* YGN_Tutions.app */;
			productType = "com.apple.product-type.application";
		};
		EA16591520E74F8A00C00038 /* YGN_TutionsTests */ = {
			isa = PBXNativeTarget;
			buildConfigurationList = EA16592D20E74F8A00C00038 /* Build configuration list for PBXNativeTarget "YGN_TutionsTests" */;
			buildPhases = (
				EA16591220E74F8A00C00038 /* Sources */,
				EA16591320E74F8A00C00038 /* Frameworks */,
				EA16591420E74F8A00C00038 /* Resources */,
			);
			buildRules = (
			);
			dependencies = (
				EA16591820E74F8A00C00038 /* PBXTargetDependency */,
			);
			name = YGN_TutionsTests;
			productName = YGN_TutionsTests;
			productReference = EA16591620E74F8A00C00038 /* YGN_TutionsTests.xctest */;
			productType = "com.apple.product-type.bundle.unit-test";
		};
		EA16592020E74F8A00C00038 /* YGN_TutionsUITests */ = {
			isa = PBXNativeTarget;
			buildConfigurationList = EA16593020E74F8A00C00038 /* Build configuration list for PBXNativeTarget "YGN_TutionsUITests" */;
			buildPhases = (
				EA16591D20E74F8A00C00038 /* Sources */,
				EA16591E20E74F8A00C00038 /* Frameworks */,
				EA16591F20E74F8A00C00038 /* Resources */,
			);
			buildRules = (
			);
			dependencies = (
				EA16592320E74F8A00C00038 /* PBXTargetDependency */,
			);
			name = YGN_TutionsUITests;
			productName = YGN_TutionsUITests;
			productReference = EA16592120E74F8A00C00038 /* YGN_TutionsUITests.xctest */;
			productType = "com.apple.product-type.bundle.ui-testing";
		};
/* End PBXNativeTarget section */

/* Begin PBXProject section */
		EA1658FA20E74F8700C00038 /* Project object */ = {
			isa = PBXProject;
			attributes = {
				LastSwiftUpdateCheck = 0930;
				LastUpgradeCheck = 0930;
				ORGANIZATIONNAME = "Timmy Tseng";
				TargetAttributes = {
					EA16590120E74F8700C00038 = {
						CreatedOnToolsVersion = 9.3;
					};
					EA16591520E74F8A00C00038 = {
						CreatedOnToolsVersion = 9.3;
						TestTargetID = EA16590120E74F8700C00038;
					};
					EA16592020E74F8A00C00038 = {
						CreatedOnToolsVersion = 9.3;
						TestTargetID = EA16590120E74F8700C00038;
					};
				};
			};
			buildConfigurationList = EA1658FD20E74F8700C00038 /* Build configuration list for PBXProject "YGN_Tutions" */;
			compatibilityVersion = "Xcode 9.3";
			developmentRegion = en;
			hasScannedForEncodings = 0;
			knownRegions = (
				en,
				Base,
			);
			mainGroup = EA1658F920E74F8700C00038;
			productRefGroup = EA16590320E74F8700C00038 /* Products */;
			projectDirPath = "";
			projectRoot = "";
			targets = (
				EA16590120E74F8700C00038 /* YGN_Tutions */,
				EA16591520E74F8A00C00038 /* YGN_TutionsTests */,
				EA16592020E74F8A00C00038 /* YGN_TutionsUITests */,
			);
		};
/* End PBXProject section */

/* Begin PBXResourcesBuildPhase section */
		EA16590020E74F8700C00038 /* Resources */ = {
			isa = PBXResourcesBuildPhase;
			buildActionMask = 2147483647;
			files = (
				EA16591020E74F8900C00038 /* LaunchScreen.storyboard in Resources */,
				EA16590D20E74F8900C00038 /* Assets.xcassets in Resources */,
				EA16590B20E74F8700C00038 /* Main.storyboard in Resources */,
			);
			runOnlyForDeploymentPostprocessing = 0;
		};
		EA16591420E74F8A00C00038 /* Resources */ = {
			isa = PBXResourcesBuildPhase;
			buildActionMask = 2147483647;
			files = (
			);
			runOnlyForDeploymentPostprocessing = 0;
		};
		EA16591F20E74F8A00C00038 /* Resources */ = {
			isa = PBXResourcesBuildPhase;
			buildActionMask = 2147483647;
			files = (
			);
			runOnlyForDeploymentPostprocessing = 0;
		};
/* End PBXResourcesBuildPhase section */

/* Begin PBXSourcesBuildPhase section */
		EA1658FE20E74F8700C00038 /* Sources */ = {
			isa = PBXSourcesBuildPhase;
			buildActionMask = 2147483647;
			files = (
				EA16590820E74F8700C00038 /* ViewController.swift in Sources */,
				EA16590620E74F8700C00038 /* AppDelegate.swift in Sources */,
			);
			runOnlyForDeploymentPostprocessing = 0;
		};
		EA16591220E74F8A00C00038 /* Sources */ = {
			isa = PBXSourcesBuildPhase;
			buildActionMask = 2147483647;
			files = (
				EA16591B20E74F8A00C00038 /* YGN_TutionsTests.swift in Sources */,
			);
			runOnlyForDeploymentPostprocessing = 0;
		};
		EA16591D20E74F8A00C00038 /* Sources */ = {
			isa = PBXSourcesBuildPhase;
			buildActionMask = 2147483647;
			files = (
				EA16592620E74F8A00C00038 /* YGN_TutionsUITests.swift in Sources */,
			);
			runOnlyForDeploymentPostprocessing = 0;
		};
/* End PBXSourcesBuildPhase section */

/* Begin PBXTargetDependency section */
		EA16591820E74F8A00C00038 /* PBXTargetDependency */ = {
			isa = PBXTargetDependency;
			target = EA16590120E74F8700C00038 /* YGN_Tutions */;
			targetProxy = EA16591720E74F8A00C00038 /* PBXContainerItemProxy */;
		};
		EA16592320E74F8A00C00038 /* PBXTargetDependency */ = {
			isa = PBXTargetDependency;
			target = EA16590120E74F8700C00038 /* YGN_Tutions */;
			targetProxy = EA16592220E74F8A00C00038 /* PBXContainerItemProxy */;
		};
/* End PBXTargetDependency section */

/* Begin PBXVariantGroup section */
		EA16590920E74F8700C00038 /* Main.storyboard */ = {
			isa = PBXVariantGroup;
			children = (
				EA16590A20E74F8700C00038 /* Base */,
			);
			name = Main.storyboard;
			sourceTree = "<group>";
		};
		EA16590E20E74F8900C00038 /* LaunchScreen.storyboard */ = {
			isa = PBXVariantGroup;
			children = (
				EA16590F20E74F8900C00038 /* Base */,
			);
			name = LaunchScreen.storyboard;
			sourceTree = "<group>";
		};
/* End PBXVariantGroup section */

/* Begin XCBuildConfiguration section */
		EA16592820E74F8A00C00038 /* Debug */ = {
			isa = XCBuildConfiguration;
			buildSettings = {
				ALWAYS_SEARCH_USER_PATHS = NO;
				CLANG_ANALYZER_NONNULL = YES;
				CLANG_ANALYZER_NUMBER_OBJECT_CONVERSION = YES_AGGRESSIVE;
				CLANG_CXX_LANGUAGE_STANDARD = "gnu++14";
				CLANG_CXX_LIBRARY = "libc++";
				CLANG_ENABLE_MODULES = YES;
				CLANG_ENABLE_OBJC_ARC = YES;
				CLANG_ENABLE_OBJC_WEAK = YES;
				CLANG_WARN_BLOCK_CAPTURE_AUTORELEASING = YES;
				CLANG_WARN_BOOL_CONVERSION = YES;
				CLANG_WARN_COMMA = YES;
				CLANG_WARN_CONSTANT_CONVERSION = YES;
				CLANG_WARN_DEPRECATED_OBJC_IMPLEMENTATIONS = YES;
				CLANG_WARN_DIRECT_OBJC_ISA_USAGE = YES_ERROR;
				CLANG_WARN_DOCUMENTATION_COMMENTS = YES;
				CLANG_WARN_EMPTY_BODY = YES;
				CLANG_WARN_ENUM_CONVERSION = YES;
				CLANG_WARN_INFINITE_RECURSION = YES;
				CLANG_WARN_INT_CONVERSION = YES;
				CLANG_WARN_NON_LITERAL_NULL_CONVERSION = YES;
				CLANG_WARN_OBJC_IMPLICIT_RETAIN_SELF = YES;
				CLANG_WARN_OBJC_LITERAL_CONVERSION = YES;
				CLANG_WARN_OBJC_ROOT_CLASS = YES_ERROR;
				CLANG_WARN_RANGE_LOOP_ANALYSIS = YES;
				CLANG_WARN_STRICT_PROTOTYPES = YES;
				CLANG_WARN_SUSPICIOUS_MOVE = YES;
				CLANG_WARN_UNGUARDED_AVAILABILITY = YES_AGGRESSIVE;
				CLANG_WARN_UNREACHABLE_CODE = YES;
				CLANG_WARN__DUPLICATE_METHOD_MATCH = YES;
				CODE_SIGN_IDENTITY = "iPhone Developer";
				COPY_PHASE_STRIP = NO;
				DEBUG_INFORMATION_FORMAT = dwarf;
				ENABLE_STRICT_OBJC_MSGSEND = YES;
				ENABLE_TESTABILITY = YES;
				GCC_C_LANGUAGE_STANDARD = gnu11;
				GCC_DYNAMIC_NO_PIC = NO;
				GCC_NO_COMMON_BLOCKS = YES;
				GCC_OPTIMIZATION_LEVEL = 0;
				GCC_PREPROCESSOR_DEFINITIONS = (
					"DEBUG=1",
					"$(inherited)",
				);
				GCC_WARN_64_TO_32_BIT_CONVERSION = YES;
				GCC_WARN_ABOUT_RETURN_TYPE = YES_ERROR;
				GCC_WARN_UNDECLARED_SELECTOR = YES;
				GCC_WARN_UNINITIALIZED_AUTOS = YES_AGGRESSIVE;
				GCC_WARN_UNUSED_FUNCTION = YES;
				GCC_WARN_UNUSED_VARIABLE = YES;
				IPHONEOS_DEPLOYMENT_TARGET = 11.3;
				MTL_ENABLE_DEBUG_INFO = YES;
				ONLY_ACTIVE_ARCH = YES;
				SDKROOT = iphoneos;
				SWIFT_ACTIVE_COMPILATION_CONDITIONS = DEBUG;
				SWIFT_OPTIMIZATION_LEVEL = "-Onone";
			};
			name = Debug;
		};
		EA16592920E74F8A00C00038 /* Release */ = {
			isa = XCBuildConfiguration;
			buildSettings = {
				ALWAYS_SEARCH_USER_PATHS = NO;
				CLANG_ANALYZER_NONNULL = YES;
				CLANG_ANALYZER_NUMBER_OBJECT_CONVERSION = YES_AGGRESSIVE;
				CLANG_CXX_LANGUAGE_STANDARD = "gnu++14";
				CLANG_CXX_LIBRARY = "libc++";
				CLANG_ENABLE_MODULES = YES;
				CLANG_ENABLE_OBJC_ARC = YES;
				CLANG_ENABLE_OBJC_WEAK = YES;
				CLANG_WARN_BLOCK_CAPTURE_AUTORELEASING = YES;
				CLANG_WARN_BOOL_CONVERSION = YES;
				CLANG_WARN_COMMA = YES;
				CLANG_WARN_CONSTANT_CONVERSION = YES;
				CLANG_WARN_DEPRECATED_OBJC_IMPLEMENTATIONS = YES;
				CLANG_WARN_DIRECT_OBJC_ISA_USAGE = YES_ERROR;
				CLANG_WARN_DOCUMENTATION_COMMENTS = YES;
				CLANG_WARN_EMPTY_BODY = YES;
				CLANG_WARN_ENUM_CONVERSION = YES;
				CLANG_WARN_INFINITE_RECURSION = YES;
				CLANG_WARN_INT_CONVERSION = YES;
				CLANG_WARN_NON_LITERAL_NULL_CONVERSION = YES;
				CLANG_WARN_OBJC_IMPLICIT_RETAIN_SELF = YES;
				CLANG_WARN_OBJC_LITERAL_CONVERSION = YES;
				CLANG_WARN_OBJC_ROOT_CLASS = YES_ERROR;
				CLANG_WARN_RANGE_LOOP_ANALYSIS = YES;
				CLANG_WARN_STRICT_PROTOTYPES = YES;
				CLANG_WARN_SUSPICIOUS_MOVE = YES;
				CLANG_WARN_UNGUARDED_AVAILABILITY = YES_AGGRESSIVE;
				CLANG_WARN_UNREACHABLE_CODE = YES;
				CLANG_WARN__DUPLICATE_METHOD_MATCH = YES;
				CODE_SIGN_IDENTITY = "iPhone Developer";
				COPY_PHASE_STRIP = NO;
				DEBUG_INFORMATION_FORMAT = "dwarf-with-dsym";
				ENABLE_NS_ASSERTIONS = NO;
				ENABLE_STRICT_OBJC_MSGSEND = YES;
				GCC_C_LANGUAGE_STANDARD = gnu11;
				GCC_NO_COMMON_BLOCKS = YES;
				GCC_WARN_64_TO_32_BIT_CONVERSION = YES;
				GCC_WARN_ABOUT_RETURN_TYPE = YES_ERROR;
				GCC_WARN_UNDECLARED_SELECTOR = YES;
				GCC_WARN_UNINITIALIZED_AUTOS = YES_AGGRESSIVE;
				GCC_WARN_UNUSED_FUNCTION = YES;
				GCC_WARN_UNUSED_VARIABLE = YES;
				IPHONEOS_DEPLOYMENT_TARGET = 11.3;
				MTL_ENABLE_DEBUG_INFO = NO;
				SDKROOT = iphoneos;
				SWIFT_COMPILATION_MODE = wholemodule;
				SWIFT_OPTIMIZATION_LEVEL = "-O";
				VALIDATE_PRODUCT = YES;
			};
			name = Release;
		};
		EA16592B20E74F8A00C00038 /* Debug */ = {
			isa = XCBuildConfiguration;
			buildSettings = {
				ASSETCATALOG_COMPILER_APPICON_NAME = AppIcon;
				CODE_SIGN_STYLE = Automatic;
				DEVELOPMENT_TEAM = 2PYA34AW5V;
				INFOPLIST_FILE = YGN_Tutions/Info.plist;
				LD_RUNPATH_SEARCH_PATHS = (
					"$(inherited)",
					"@executable_path/Frameworks",
				);
				PRODUCT_BUNDLE_IDENTIFIER = "timmytseng.YGN-Tutions";
				PRODUCT_NAME = "$(TARGET_NAME)";
				SWIFT_VERSION = 4.0;
				TARGETED_DEVICE_FAMILY = "1,2";
			};
			name = Debug;
		};
		EA16592C20E74F8A00C00038 /* Release */ = {
			isa = XCBuildConfiguration;
			buildSettings = {
				ASSETCATALOG_COMPILER_APPICON_NAME = AppIcon;
				CODE_SIGN_STYLE = Automatic;
				DEVELOPMENT_TEAM = 2PYA34AW5V;
				INFOPLIST_FILE = YGN_Tutions/Info.plist;
				LD_RUNPATH_SEARCH_PATHS = (
					"$(inherited)",
					"@executable_path/Frameworks",
				);
				PRODUCT_BUNDLE_IDENTIFIER = "timmytseng.YGN-Tutions";
				PRODUCT_NAME = "$(TARGET_NAME)";
				SWIFT_VERSION = 4.0;
				TARGETED_DEVICE_FAMILY = "1,2";
			};
			name = Release;
		};
		EA16592E20E74F8A00C00038 /* Debug */ = {
			isa = XCBuildConfiguration;
			buildSettings = {
				ALWAYS_EMBED_SWIFT_STANDARD_LIBRARIES = YES;
				BUNDLE_LOADER = "$(TEST_HOST)";
				CODE_SIGN_STYLE = Automatic;
				DEVELOPMENT_TEAM = 2PYA34AW5V;
				INFOPLIST_FILE = YGN_TutionsTests/Info.plist;
				LD_RUNPATH_SEARCH_PATHS = (
					"$(inherited)",
					"@executable_path/Frameworks",
					"@loader_path/Frameworks",
				);
				PRODUCT_BUNDLE_IDENTIFIER = "timmytseng.YGN-TutionsTests";
				PRODUCT_NAME = "$(TARGET_NAME)";
				SWIFT_VERSION = 4.0;
				TARGETED_DEVICE_FAMILY = "1,2";
				TEST_HOST = "$(BUILT_PRODUCTS_DIR)/YGN_Tutions.app/YGN_Tutions";
			};
			name = Debug;
		};
		EA16592F20E74F8A00C00038 /* Release */ = {
			isa = XCBuildConfiguration;
			buildSettings = {
				ALWAYS_EMBED_SWIFT_STANDARD_LIBRARIES = YES;
				BUNDLE_LOADER = "$(TEST_HOST)";
				CODE_SIGN_STYLE = Automatic;
				DEVELOPMENT_TEAM = 2PYA34AW5V;
				INFOPLIST_FILE = YGN_TutionsTests/Info.plist;
				LD_RUNPATH_SEARCH_PATHS = (
					"$(inherited)",
					"@executable_path/Frameworks",
					"@loader_path/Frameworks",
				);
				PRODUCT_BUNDLE_IDENTIFIER = "timmytseng.YGN-TutionsTests";
				PRODUCT_NAME = "$(TARGET_NAME)";
				SWIFT_VERSION = 4.0;
				TARGETED_DEVICE_FAMILY = "1,2";
				TEST_HOST = "$(BUILT_PRODUCTS_DIR)/YGN_Tutions.app/YGN_Tutions";
			};
			name = Release;
		};
		EA16593120E74F8A00C00038 /* Debug */ = {
			isa = XCBuildConfiguration;
			buildSettings = {
				ALWAYS_EMBED_SWIFT_STANDARD_LIBRARIES = YES;
				CODE_SIGN_STYLE = Automatic;
				DEVELOPMENT_TEAM = 2PYA34AW5V;
				INFOPLIST_FILE = YGN_TutionsUITests/Info.plist;
				LD_RUNPATH_SEARCH_PATHS = (
					"$(inherited)",
					"@executable_path/Frameworks",
					"@loader_path/Frameworks",
				);
				PRODUCT_BUNDLE_IDENTIFIER = "timmytseng.YGN-TutionsUITests";
				PRODUCT_NAME = "$(TARGET_NAME)";
				SWIFT_VERSION = 4.0;
				TARGETED_DEVICE_FAMILY = "1,2";
				TEST_TARGET_NAME = YGN_Tutions;
			};
			name = Debug;
		};
		EA16593220E74F8A00C00038 /* Release */ = {
			isa = XCBuildConfiguration;
			buildSettings = {
				ALWAYS_EMBED_SWIFT_STANDARD_LIBRARIES = YES;
				CODE_SIGN_STYLE = Automatic;
				DEVELOPMENT_TEAM = 2PYA34AW5V;
				INFOPLIST_FILE = YGN_TutionsUITests/Info.plist;
				LD_RUNPATH_SEARCH_PATHS = (
					"$(inherited)",
					"@executable_path/Frameworks",
					"@loader_path/Frameworks",
				);
				PRODUCT_BUNDLE_IDENTIFIER = "timmytseng.YGN-TutionsUITests";
				PRODUCT_NAME = "$(TARGET_NAME)";
				SWIFT_VERSION = 4.0;
				TARGETED_DEVICE_FAMILY = "1,2";
				TEST_TARGET_NAME = YGN_Tutions;
			};
			name = Release;
		};
/* End XCBuildConfiguration section */

/* Begin XCConfigurationList section */
		EA1658FD20E74F8700C00038 /* Build configuration list for PBXProject "YGN_Tutions" */ = {
			isa = XCConfigurationList;
			buildConfigurations = (
				EA16592820E74F8A00C00038 /* Debug */,
				EA16592920E74F8A00C00038 /* Release */,
			);
			defaultConfigurationIsVisible = 0;
			defaultConfigurationName = Release;
		};
		EA16592A20E74F8A00C00038 /* Build configuration list for PBXNativeTarget "YGN_Tutions" */ = {
			isa = XCConfigurationList;
			buildConfigurations = (
				EA16592B20E74F8A00C00038 /* Debug */,
				EA16592C20E74F8A00C00038 /* Release */,
			);
			defaultConfigurationIsVisible = 0;
			defaultConfigurationName = Release;
		};
		EA16592D20E74F8A00C00038 /* Build configuration list for PBXNativeTarget "YGN_TutionsTests" */ = {
			isa = XCConfigurationList;
			buildConfigurations = (
				EA16592E20E74F8A00C00038 /* Debug */,
				EA16592F20E74F8A00C00038 /* Release */,
			);
			defaultConfigurationIsVisible = 0;
			defaultConfigurationName = Release;
		};
		EA16593020E74F8A00C00038 /* Build configuration list for PBXNativeTarget "YGN_TutionsUITests" */ = {
			isa = XCConfigurationList;
			buildConfigurations = (
				EA16593120E74F8A00C00038 /* Debug */,
				EA16593220E74F8A00C00038 /* Release */,
			);
			defaultConfigurationIsVisible = 0;
			defaultConfigurationName = Release;
		};
/* End XCConfigurationList section */
	};
	rootObject = EA1658FA20E74F8700C00038 /* Project object */;
}
