// !$*UTF8*$!
{
	archiveVersion = 1;
	classes = {
	};
	objectVersion = 50;
	objects = {

/* Begin PBXBuildFile section */
		0EA63D2ED40CB9DD8D807611 /* Pods_YGN_Tuitions.framework in Frameworks */ = {isa = PBXBuildFile; fileRef = F8575F6579CBBBA7E121801E /* Pods_YGN_Tuitions.framework */; };
		CBF8B34D11C4AC7EF38C88EB /* Pods_YGN_TuitionsTests.framework in Frameworks */ = {isa = PBXBuildFile; fileRef = BDF8897DDD69B65F7DBA84B0 /* Pods_YGN_TuitionsTests.framework */; };
		EA16590620E74F8700C00038 /* AppDelegate.swift in Sources */ = {isa = PBXBuildFile; fileRef = EA16590520E74F8700C00038 /* AppDelegate.swift */; };
		EA16590B20E74F8700C00038 /* Main.storyboard in Resources */ = {isa = PBXBuildFile; fileRef = EA16590920E74F8700C00038 /* Main.storyboard */; };
		EA16590D20E74F8900C00038 /* Assets.xcassets in Resources */ = {isa = PBXBuildFile; fileRef = EA16590C20E74F8900C00038 /* Assets.xcassets */; };
		EA16591020E74F8900C00038 /* LaunchScreen.storyboard in Resources */ = {isa = PBXBuildFile; fileRef = EA16590E20E74F8900C00038 /* LaunchScreen.storyboard */; };
		EA16591B20E74F8A00C00038 /* YGN_TutionsTests.swift in Sources */ = {isa = PBXBuildFile; fileRef = EA16591A20E74F8A00C00038 /* YGN_TutionsTests.swift */; };
		EA16592620E74F8A00C00038 /* YGN_TutionsUITests.swift in Sources */ = {isa = PBXBuildFile; fileRef = EA16592520E74F8A00C00038 /* YGN_TutionsUITests.swift */; };
		EA16593420E7574600C00038 /* GoogleService-Info.plist in Resources */ = {isa = PBXBuildFile; fileRef = EA16593320E7574500C00038 /* GoogleService-Info.plist */; };
		EA16593520E7574600C00038 /* GoogleService-Info.plist in Resources */ = {isa = PBXBuildFile; fileRef = EA16593320E7574500C00038 /* GoogleService-Info.plist */; };
		EA16593620E7574600C00038 /* GoogleService-Info.plist in Resources */ = {isa = PBXBuildFile; fileRef = EA16593320E7574500C00038 /* GoogleService-Info.plist */; };
		EA16593C20E7727B00C00038 /* SWRevealViewController.m in Sources */ = {isa = PBXBuildFile; fileRef = EA16593B20E7727B00C00038 /* SWRevealViewController.m */; };
		EA16593D20E7727B00C00038 /* SWRevealViewController.m in Sources */ = {isa = PBXBuildFile; fileRef = EA16593B20E7727B00C00038 /* SWRevealViewController.m */; };
		EA16593E20E7727B00C00038 /* SWRevealViewController.m in Sources */ = {isa = PBXBuildFile; fileRef = EA16593B20E7727B00C00038 /* SWRevealViewController.m */; };
		EA16594020E774C000C00038 /* ViewController.swift in Sources */ = {isa = PBXBuildFile; fileRef = EA16593F20E774C000C00038 /* ViewController.swift */; };
		EA16594120E774C000C00038 /* ViewController.swift in Sources */ = {isa = PBXBuildFile; fileRef = EA16593F20E774C000C00038 /* ViewController.swift */; };
		EA16594220E774C000C00038 /* ViewController.swift in Sources */ = {isa = PBXBuildFile; fileRef = EA16593F20E774C000C00038 /* ViewController.swift */; };
		EE2D2DCD256888EB7BA28EEC /* Pods_YGN_TuitionsUITests.framework in Frameworks */ = {isa = PBXBuildFile; fileRef = 88FD9BC1FD8395321CEE9960 /* Pods_YGN_TuitionsUITests.framework */; };
/* End PBXBuildFile section */

/* Begin PBXContainerItemProxy section */
		EA16591720E74F8A00C00038 /* PBXContainerItemProxy */ = {
			isa = PBXContainerItemProxy;
			containerPortal = EA1658FA20E74F8700C00038 /* Project object */;
			proxyType = 1;
			remoteGlobalIDString = EA16590120E74F8700C00038;
			remoteInfo = YGN_Tutions;
		};
		EA16592220E74F8A00C00038 /* PBXContainerItemProxy */ = {
			isa = PBXContainerItemProxy;
			containerPortal = EA1658FA20E74F8700C00038 /* Project object */;
			proxyType = 1;
			remoteGlobalIDString = EA16590120E74F8700C00038;
			remoteInfo = YGN_Tutions;
		};
/* End PBXContainerItemProxy section */

/* Begin PBXFileReference section */
		0AEFBD6B107FD32D1D31883C /* Pods-YGN_TuitionsTests.release.xcconfig */ = {isa = PBXFileReference; includeInIndex = 1; lastKnownFileType = text.xcconfig; name = "Pods-YGN_TuitionsTests.release.xcconfig"; path = "Pods/Target Support Files/Pods-YGN_TuitionsTests/Pods-YGN_TuitionsTests.release.xcconfig"; sourceTree = "<group>"; };
		19FC7CF512DDE83B7B863C60 /* Pods-YGN_Tuitions.debug.xcconfig */ = {isa = PBXFileReference; includeInIndex = 1; lastKnownFileType = text.xcconfig; name = "Pods-YGN_Tuitions.debug.xcconfig"; path = "Pods/Target Support Files/Pods-YGN_Tuitions/Pods-YGN_Tuitions.debug.xcconfig"; sourceTree = "<group>"; };
		3DDEACDB5B4ECF43382A6525 /* Pods-YGN_TuitionsTests.debug.xcconfig */ = {isa = PBXFileReference; includeInIndex = 1; lastKnownFileType = text.xcconfig; name = "Pods-YGN_TuitionsTests.debug.xcconfig"; path = "Pods/Target Support Files/Pods-YGN_TuitionsTests/Pods-YGN_TuitionsTests.debug.xcconfig"; sourceTree = "<group>"; };
		718663C1EE5E9D22B92772EF /* Pods-YGN_Tuitions.release.xcconfig */ = {isa = PBXFileReference; includeInIndex = 1; lastKnownFileType = text.xcconfig; name = "Pods-YGN_Tuitions.release.xcconfig"; path = "Pods/Target Support Files/Pods-YGN_Tuitions/Pods-YGN_Tuitions.release.xcconfig"; sourceTree = "<group>"; };
		88FD9BC1FD8395321CEE9960 /* Pods_YGN_TuitionsUITests.framework */ = {isa = PBXFileReference; explicitFileType = wrapper.framework; includeInIndex = 0; path = Pods_YGN_TuitionsUITests.framework; sourceTree = BUILT_PRODUCTS_DIR; };
		BDF8897DDD69B65F7DBA84B0 /* Pods_YGN_TuitionsTests.framework */ = {isa = PBXFileReference; explicitFileType = wrapper.framework; includeInIndex = 0; path = Pods_YGN_TuitionsTests.framework; sourceTree = BUILT_PRODUCTS_DIR; };
		C64E7DAD45E567313444AECA /* Pods-YGN_TuitionsUITests.release.xcconfig */ = {isa = PBXFileReference; includeInIndex = 1; lastKnownFileType = text.xcconfig; name = "Pods-YGN_TuitionsUITests.release.xcconfig"; path = "Pods/Target Support Files/Pods-YGN_TuitionsUITests/Pods-YGN_TuitionsUITests.release.xcconfig"; sourceTree = "<group>"; };
		EA16590220E74F8700C00038 /* YGN_Tuitions.app */ = {isa = PBXFileReference; explicitFileType = wrapper.application; includeInIndex = 0; path = YGN_Tuitions.app; sourceTree = BUILT_PRODUCTS_DIR; };
		EA16590520E74F8700C00038 /* AppDelegate.swift */ = {isa = PBXFileReference; lastKnownFileType = sourcecode.swift; path = AppDelegate.swift; sourceTree = "<group>"; };
		EA16590A20E74F8700C00038 /* Base */ = {isa = PBXFileReference; lastKnownFileType = file.storyboard; name = Base; path = Base.lproj/Main.storyboard; sourceTree = "<group>"; };
		EA16590C20E74F8900C00038 /* Assets.xcassets */ = {isa = PBXFileReference; lastKnownFileType = folder.assetcatalog; path = Assets.xcassets; sourceTree = "<group>"; };
		EA16590F20E74F8900C00038 /* Base */ = {isa = PBXFileReference; lastKnownFileType = file.storyboard; name = Base; path = Base.lproj/LaunchScreen.storyboard; sourceTree = "<group>"; };
		EA16591120E74F8A00C00038 /* Info.plist */ = {isa = PBXFileReference; lastKnownFileType = text.plist.xml; path = Info.plist; sourceTree = "<group>"; };
		EA16591620E74F8A00C00038 /* YGN_TuitionsTests.xctest */ = {isa = PBXFileReference; explicitFileType = wrapper.cfbundle; includeInIndex = 0; path = YGN_TuitionsTests.xctest; sourceTree = BUILT_PRODUCTS_DIR; };
		EA16591A20E74F8A00C00038 /* YGN_TutionsTests.swift */ = {isa = PBXFileReference; lastKnownFileType = sourcecode.swift; path = YGN_TutionsTests.swift; sourceTree = "<group>"; };
		EA16591C20E74F8A00C00038 /* Info.plist */ = {isa = PBXFileReference; lastKnownFileType = text.plist.xml; path = Info.plist; sourceTree = "<group>"; };
		EA16592120E74F8A00C00038 /* YGN_TuitionsUITests.xctest */ = {isa = PBXFileReference; explicitFileType = wrapper.cfbundle; includeInIndex = 0; path = YGN_TuitionsUITests.xctest; sourceTree = BUILT_PRODUCTS_DIR; };
		EA16592520E74F8A00C00038 /* YGN_TutionsUITests.swift */ = {isa = PBXFileReference; lastKnownFileType = sourcecode.swift; path = YGN_TutionsUITests.swift; sourceTree = "<group>"; };
		EA16592720E74F8A00C00038 /* Info.plist */ = {isa = PBXFileReference; lastKnownFileType = text.plist.xml; path = Info.plist; sourceTree = "<group>"; };
		EA16593320E7574500C00038 /* GoogleService-Info.plist */ = {isa = PBXFileReference; fileEncoding = 4; lastKnownFileType = text.plist.xml; path = "GoogleService-Info.plist"; sourceTree = "<group>"; };
		EA16593720E7727900C00038 /* YGN_Tuitions-Bridging-Header.h */ = {isa = PBXFileReference; lastKnownFileType = sourcecode.c.h; path = "YGN_Tuitions-Bridging-Header.h"; sourceTree = "<group>"; };
		EA16593820E7727900C00038 /* YGN_TuitionsTests-Bridging-Header.h */ = {isa = PBXFileReference; lastKnownFileType = sourcecode.c.h; path = "YGN_TuitionsTests-Bridging-Header.h"; sourceTree = "<group>"; };
		EA16593920E7727900C00038 /* YGN_TuitionsUITests-Bridging-Header.h */ = {isa = PBXFileReference; lastKnownFileType = sourcecode.c.h; path = "YGN_TuitionsUITests-Bridging-Header.h"; sourceTree = "<group>"; };
		EA16593A20E7727B00C00038 /* SWRevealViewController.h */ = {isa = PBXFileReference; fileEncoding = 4; lastKnownFileType = sourcecode.c.h; path = SWRevealViewController.h; sourceTree = "<group>"; };
		EA16593B20E7727B00C00038 /* SWRevealViewController.m */ = {isa = PBXFileReference; fileEncoding = 4; lastKnownFileType = sourcecode.c.objc; path = SWRevealViewController.m; sourceTree = "<group>"; };
		EA16593F20E774C000C00038 /* ViewController.swift */ = {isa = PBXFileReference; lastKnownFileType = sourcecode.swift; path = ViewController.swift; sourceTree = "<group>"; };
		EDFE83FD850530CE136B23E3 /* Pods-YGN_TuitionsUITests.debug.xcconfig */ = {isa = PBXFileReference; includeInIndex = 1; lastKnownFileType = text.xcconfig; name = "Pods-YGN_TuitionsUITests.debug.xcconfig"; path = "Pods/Target Support Files/Pods-YGN_TuitionsUITests/Pods-YGN_TuitionsUITests.debug.xcconfig"; sourceTree = "<group>"; };
		F8575F6579CBBBA7E121801E /* Pods_YGN_Tuitions.framework */ = {isa = PBXFileReference; explicitFileType = wrapper.framework; includeInIndex = 0; path = Pods_YGN_Tuitions.framework; sourceTree = BUILT_PRODUCTS_DIR; };
/* End PBXFileReference section */

/* Begin PBXFrameworksBuildPhase section */
		EA1658FF20E74F8700C00038 /* Frameworks */ = {
			isa = PBXFrameworksBuildPhase;
			buildActionMask = 2147483647;
			files = (
				0EA63D2ED40CB9DD8D807611 /* Pods_YGN_Tuitions.framework in Frameworks */,
			);
			runOnlyForDeploymentPostprocessing = 0;
		};
		EA16591320E74F8A00C00038 /* Frameworks */ = {
			isa = PBXFrameworksBuildPhase;
			buildActionMask = 2147483647;
			files = (
				CBF8B34D11C4AC7EF38C88EB /* Pods_YGN_TuitionsTests.framework in Frameworks */,
			);
			runOnlyForDeploymentPostprocessing = 0;
		};
		EA16591E20E74F8A00C00038 /* Frameworks */ = {
			isa = PBXFrameworksBuildPhase;
			buildActionMask = 2147483647;
			files = (
				EE2D2DCD256888EB7BA28EEC /* Pods_YGN_TuitionsUITests.framework in Frameworks */,
			);
			runOnlyForDeploymentPostprocessing = 0;
		};
/* End PBXFrameworksBuildPhase section */

/* Begin PBXGroup section */
		CD7D2E98D1788B9F99BFDA4D /* Pods */ = {
			isa = PBXGroup;
			children = (
				19FC7CF512DDE83B7B863C60 /* Pods-YGN_Tuitions.debug.xcconfig */,
				718663C1EE5E9D22B92772EF /* Pods-YGN_Tuitions.release.xcconfig */,
				3DDEACDB5B4ECF43382A6525 /* Pods-YGN_TuitionsTests.debug.xcconfig */,
				0AEFBD6B107FD32D1D31883C /* Pods-YGN_TuitionsTests.release.xcconfig */,
				EDFE83FD850530CE136B23E3 /* Pods-YGN_TuitionsUITests.debug.xcconfig */,
				C64E7DAD45E567313444AECA /* Pods-YGN_TuitionsUITests.release.xcconfig */,
			);
			name = Pods;
			sourceTree = "<group>";
		};
		D70199C466E1B8BF67BD5FDE /* Frameworks */ = {
			isa = PBXGroup;
			children = (
				F8575F6579CBBBA7E121801E /* Pods_YGN_Tuitions.framework */,
				BDF8897DDD69B65F7DBA84B0 /* Pods_YGN_TuitionsTests.framework */,
				88FD9BC1FD8395321CEE9960 /* Pods_YGN_TuitionsUITests.framework */,
			);
			name = Frameworks;
			sourceTree = "<group>";
		};
		EA1658F920E74F8700C00038 = {
			isa = PBXGroup;
			children = (
				EA16590420E74F8700C00038 /* YGN_Tutions */,
				EA16591920E74F8A00C00038 /* YGN_TutionsTests */,
				EA16592420E74F8A00C00038 /* YGN_TutionsUITests */,
				EA16590320E74F8700C00038 /* Products */,
				CD7D2E98D1788B9F99BFDA4D /* Pods */,
				D70199C466E1B8BF67BD5FDE /* Frameworks */,
			);
			sourceTree = "<group>";
		};
		EA16590320E74F8700C00038 /* Products */ = {
			isa = PBXGroup;
			children = (
				EA16590220E74F8700C00038 /* YGN_Tuitions.app */,
				EA16591620E74F8A00C00038 /* YGN_TuitionsTests.xctest */,
				EA16592120E74F8A00C00038 /* YGN_TuitionsUITests.xctest */,
			);
			name = Products;
			sourceTree = "<group>";
		};
		EA16590420E74F8700C00038 /* YGN_Tutions */ = {
			isa = PBXGroup;
			children = (
				EA16590520E74F8700C00038 /* AppDelegate.swift */,
				EA16590920E74F8700C00038 /* Main.storyboard */,
				EA16593F20E774C000C00038 /* ViewController.swift */,
				EA16590C20E74F8900C00038 /* Assets.xcassets */,
				EA16590E20E74F8900C00038 /* LaunchScreen.storyboard */,
				EA16591120E74F8A00C00038 /* Info.plist */,
				EA16593320E7574500C00038 /* GoogleService-Info.plist */,
				EA16593A20E7727B00C00038 /* SWRevealViewController.h */,
				EA16593B20E7727B00C00038 /* SWRevealViewController.m */,
				EA16593720E7727900C00038 /* YGN_Tuitions-Bridging-Header.h */,
				EA16593820E7727900C00038 /* YGN_TuitionsTests-Bridging-Header.h */,
				EA16593920E7727900C00038 /* YGN_TuitionsUITests-Bridging-Header.h */,
			);
			path = YGN_Tutions;
			sourceTree = "<group>";
		};
		EA16591920E74F8A00C00038 /* YGN_TutionsTests */ = {
			isa = PBXGroup;
			children = (
				EA16591A20E74F8A00C00038 /* YGN_TutionsTests.swift */,
				EA16591C20E74F8A00C00038 /* Info.plist */,
			);
			path = YGN_TutionsTests;
			sourceTree = "<group>";
		};
		EA16592420E74F8A00C00038 /* YGN_TutionsUITests */ = {
			isa = PBXGroup;
			children = (
				EA16592520E74F8A00C00038 /* YGN_TutionsUITests.swift */,
				EA16592720E74F8A00C00038 /* Info.plist */,
			);
			path = YGN_TutionsUITests;
			sourceTree = "<group>";
		};
/* End PBXGroup section */

/* Begin PBXNativeTarget section */
		EA16590120E74F8700C00038 /* YGN_Tuitions */ = {
			isa = PBXNativeTarget;
			buildConfigurationList = EA16592A20E74F8A00C00038 /* Build configuration list for PBXNativeTarget "YGN_Tuitions" */;
			buildPhases = (
				50753220D64E69C9E224A8E1 /* [CP] Check Pods Manifest.lock */,
				EA1658FE20E74F8700C00038 /* Sources */,
				EA1658FF20E74F8700C00038 /* Frameworks */,
				EA16590020E74F8700C00038 /* Resources */,
				86CF830B7A4CE5F12AF6E7A5 /* [CP] Embed Pods Frameworks */,
			);
			buildRules = (
			);
			dependencies = (
			);
			name = YGN_Tuitions;
			productName = YGN_Tutions;
			productReference = EA16590220E74F8700C00038 /* YGN_Tuitions.app */;
			productType = "com.apple.product-type.application";
		};
		EA16591520E74F8A00C00038 /* YGN_TuitionsTests */ = {
			isa = PBXNativeTarget;
			buildConfigurationList = EA16592D20E74F8A00C00038 /* Build configuration list for PBXNativeTarget "YGN_TuitionsTests" */;
			buildPhases = (
				4CE9BD41977FFF9C33D27702 /* [CP] Check Pods Manifest.lock */,
				EA16591220E74F8A00C00038 /* Sources */,
				EA16591320E74F8A00C00038 /* Frameworks */,
				EA16591420E74F8A00C00038 /* Resources */,
			);
			buildRules = (
			);
			dependencies = (
				EA16591820E74F8A00C00038 /* PBXTargetDependency */,
			);
			name = YGN_TuitionsTests;
			productName = YGN_TutionsTests;
			productReference = EA16591620E74F8A00C00038 /* YGN_TuitionsTests.xctest */;
			productType = "com.apple.product-type.bundle.unit-test";
		};
		EA16592020E74F8A00C00038 /* YGN_TuitionsUITests */ = {
			isa = PBXNativeTarget;
			buildConfigurationList = EA16593020E74F8A00C00038 /* Build configuration list for PBXNativeTarget "YGN_TuitionsUITests" */;
			buildPhases = (
				29C658992B46AFB94AB442FF /* [CP] Check Pods Manifest.lock */,
				EA16591D20E74F8A00C00038 /* Sources */,
				EA16591E20E74F8A00C00038 /* Frameworks */,
				EA16591F20E74F8A00C00038 /* Resources */,
			);
			buildRules = (
			);
			dependencies = (
				EA16592320E74F8A00C00038 /* PBXTargetDependency */,
			);
			name = YGN_TuitionsUITests;
			productName = YGN_TutionsUITests;
			productReference = EA16592120E74F8A00C00038 /* YGN_TuitionsUITests.xctest */;
			productType = "com.apple.product-type.bundle.ui-testing";
		};
/* End PBXNativeTarget section */

/* Begin PBXProject section */
		EA1658FA20E74F8700C00038 /* Project object */ = {
			isa = PBXProject;
			attributes = {
				LastSwiftUpdateCheck = 0930;
				LastUpgradeCheck = 0930;
				ORGANIZATIONNAME = "Timmy Tseng";
				TargetAttributes = {
					EA16590120E74F8700C00038 = {
						CreatedOnToolsVersion = 9.3;
						LastSwiftMigration = 0930;
					};
					EA16591520E74F8A00C00038 = {
						CreatedOnToolsVersion = 9.3;
						LastSwiftMigration = 0930;
						TestTargetID = EA16590120E74F8700C00038;
					};
					EA16592020E74F8A00C00038 = {
						CreatedOnToolsVersion = 9.3;
						LastSwiftMigration = 0930;
						TestTargetID = EA16590120E74F8700C00038;
					};
				};
			};
			buildConfigurationList = EA1658FD20E74F8700C00038 /* Build configuration list for PBXProject "YGN_Tuitions" */;
			compatibilityVersion = "Xcode 9.3";
			developmentRegion = en;
			hasScannedForEncodings = 0;
			knownRegions = (
				en,
				Base,
			);
			mainGroup = EA1658F920E74F8700C00038;
			productRefGroup = EA16590320E74F8700C00038 /* Products */;
			projectDirPath = "";
			projectRoot = "";
			targets = (
				EA16590120E74F8700C00038 /* YGN_Tuitions */,
				EA16591520E74F8A00C00038 /* YGN_TuitionsTests */,
				EA16592020E74F8A00C00038 /* YGN_TuitionsUITests */,
			);
		};
/* End PBXProject section */

/* Begin PBXResourcesBuildPhase section */
		EA16590020E74F8700C00038 /* Resources */ = {
			isa = PBXResourcesBuildPhase;
			buildActionMask = 2147483647;
			files = (
				EA16591020E74F8900C00038 /* LaunchScreen.storyboard in Resources */,
				EA16590D20E74F8900C00038 /* Assets.xcassets in Resources */,
				EA16590B20E74F8700C00038 /* Main.storyboard in Resources */,
				EA16593420E7574600C00038 /* GoogleService-Info.plist in Resources */,
			);
			runOnlyForDeploymentPostprocessing = 0;
		};
		EA16591420E74F8A00C00038 /* Resources */ = {
			isa = PBXResourcesBuildPhase;
			buildActionMask = 2147483647;
			files = (
				EA16593520E7574600C00038 /* GoogleService-Info.plist in Resources */,
			);
			runOnlyForDeploymentPostprocessing = 0;
		};
		EA16591F20E74F8A00C00038 /* Resources */ = {
			isa = PBXResourcesBuildPhase;
			buildActionMask = 2147483647;
			files = (
				EA16593620E7574600C00038 /* GoogleService-Info.plist in Resources */,
			);
			runOnlyForDeploymentPostprocessing = 0;
		};
/* End PBXResourcesBuildPhase section */

/* Begin PBXShellScriptBuildPhase section */
		29C658992B46AFB94AB442FF /* [CP] Check Pods Manifest.lock */ = {
			isa = PBXShellScriptBuildPhase;
			buildActionMask = 2147483647;
			files = (
			);
			inputPaths = (
				"${PODS_PODFILE_DIR_PATH}/Podfile.lock",
				"${PODS_ROOT}/Manifest.lock",
			);
			name = "[CP] Check Pods Manifest.lock";
			outputPaths = (
				"$(DERIVED_FILE_DIR)/Pods-YGN_TuitionsUITests-checkManifestLockResult.txt",
			);
			runOnlyForDeploymentPostprocessing = 0;
			shellPath = /bin/sh;
			shellScript = "diff \"${PODS_PODFILE_DIR_PATH}/Podfile.lock\" \"${PODS_ROOT}/Manifest.lock\" > /dev/null\nif [ $? != 0 ] ; then\n    # print error to STDERR\n    echo \"error: The sandbox is not in sync with the Podfile.lock. Run 'pod install' or update your CocoaPods installation.\" >&2\n    exit 1\nfi\n# This output is used by Xcode 'outputs' to avoid re-running this script phase.\necho \"SUCCESS\" > \"${SCRIPT_OUTPUT_FILE_0}\"\n";
			showEnvVarsInLog = 0;
		};
		4CE9BD41977FFF9C33D27702 /* [CP] Check Pods Manifest.lock */ = {
			isa = PBXShellScriptBuildPhase;
			buildActionMask = 2147483647;
			files = (
			);
			inputPaths = (
				"${PODS_PODFILE_DIR_PATH}/Podfile.lock",
				"${PODS_ROOT}/Manifest.lock",
			);
			name = "[CP] Check Pods Manifest.lock";
			outputPaths = (
				"$(DERIVED_FILE_DIR)/Pods-YGN_TuitionsTests-checkManifestLockResult.txt",
			);
			runOnlyForDeploymentPostprocessing = 0;
			shellPath = /bin/sh;
			shellScript = "diff \"${PODS_PODFILE_DIR_PATH}/Podfile.lock\" \"${PODS_ROOT}/Manifest.lock\" > /dev/null\nif [ $? != 0 ] ; then\n    # print error to STDERR\n    echo \"error: The sandbox is not in sync with the Podfile.lock. Run 'pod install' or update your CocoaPods installation.\" >&2\n    exit 1\nfi\n# This output is used by Xcode 'outputs' to avoid re-running this script phase.\necho \"SUCCESS\" > \"${SCRIPT_OUTPUT_FILE_0}\"\n";
			showEnvVarsInLog = 0;
		};
		50753220D64E69C9E224A8E1 /* [CP] Check Pods Manifest.lock */ = {
			isa = PBXShellScriptBuildPhase;
			buildActionMask = 2147483647;
			files = (
			);
			inputPaths = (
				"${PODS_PODFILE_DIR_PATH}/Podfile.lock",
				"${PODS_ROOT}/Manifest.lock",
			);
			name = "[CP] Check Pods Manifest.lock";
			outputPaths = (
				"$(DERIVED_FILE_DIR)/Pods-YGN_Tuitions-checkManifestLockResult.txt",
			);
			runOnlyForDeploymentPostprocessing = 0;
			shellPath = /bin/sh;
			shellScript = "diff \"${PODS_PODFILE_DIR_PATH}/Podfile.lock\" \"${PODS_ROOT}/Manifest.lock\" > /dev/null\nif [ $? != 0 ] ; then\n    # print error to STDERR\n    echo \"error: The sandbox is not in sync with the Podfile.lock. Run 'pod install' or update your CocoaPods installation.\" >&2\n    exit 1\nfi\n# This output is used by Xcode 'outputs' to avoid re-running this script phase.\necho \"SUCCESS\" > \"${SCRIPT_OUTPUT_FILE_0}\"\n";
			showEnvVarsInLog = 0;
		};
		86CF830B7A4CE5F12AF6E7A5 /* [CP] Embed Pods Frameworks */ = {
			isa = PBXShellScriptBuildPhase;
			buildActionMask = 2147483647;
			files = (
			);
			inputPaths = (
				"${SRCROOT}/Pods/Target Support Files/Pods-YGN_Tuitions/Pods-YGN_Tuitions-frameworks.sh",
				"${BUILT_PRODUCTS_DIR}/GoogleToolboxForMac/GoogleToolboxForMac.framework",
				"${BUILT_PRODUCTS_DIR}/InteractiveSideMenu/InteractiveSideMenu.framework",
				"${BUILT_PRODUCTS_DIR}/nanopb/nanopb.framework",
			);
			name = "[CP] Embed Pods Frameworks";
			outputPaths = (
				"${TARGET_BUILD_DIR}/${FRAMEWORKS_FOLDER_PATH}/GoogleToolboxForMac.framework",
				"${TARGET_BUILD_DIR}/${FRAMEWORKS_FOLDER_PATH}/InteractiveSideMenu.framework",
				"${TARGET_BUILD_DIR}/${FRAMEWORKS_FOLDER_PATH}/nanopb.framework",
			);
			runOnlyForDeploymentPostprocessing = 0;
			shellPath = /bin/sh;
			shellScript = "\"${SRCROOT}/Pods/Target Support Files/Pods-YGN_Tuitions/Pods-YGN_Tuitions-frameworks.sh\"\n";
			showEnvVarsInLog = 0;
		};
/* End PBXShellScriptBuildPhase section */

/* Begin PBXSourcesBuildPhase section */
		EA1658FE20E74F8700C00038 /* Sources */ = {
			isa = PBXSourcesBuildPhase;
			buildActionMask = 2147483647;
			files = (
				EA16594020E774C000C00038 /* ViewController.swift in Sources */,
				EA16590620E74F8700C00038 /* AppDelegate.swift in Sources */,
				EA16593C20E7727B00C00038 /* SWRevealViewController.m in Sources */,
			);
			runOnlyForDeploymentPostprocessing = 0;
		};
		EA16591220E74F8A00C00038 /* Sources */ = {
			isa = PBXSourcesBuildPhase;
			buildActionMask = 2147483647;
			files = (
				EA16594120E774C000C00038 /* ViewController.swift in Sources */,
				EA16591B20E74F8A00C00038 /* YGN_TutionsTests.swift in Sources */,
				EA16593D20E7727B00C00038 /* SWRevealViewController.m in Sources */,
			);
			runOnlyForDeploymentPostprocessing = 0;
		};
		EA16591D20E74F8A00C00038 /* Sources */ = {
			isa = PBXSourcesBuildPhase;
			buildActionMask = 2147483647;
			files = (
				EA16594220E774C000C00038 /* ViewController.swift in Sources */,
				EA16592620E74F8A00C00038 /* YGN_TutionsUITests.swift in Sources */,
				EA16593E20E7727B00C00038 /* SWRevealViewController.m in Sources */,
			);
			runOnlyForDeploymentPostprocessing = 0;
		};
/* End PBXSourcesBuildPhase section */

/* Begin PBXTargetDependency section */
		EA16591820E74F8A00C00038 /* PBXTargetDependency */ = {
			isa = PBXTargetDependency;
			target = EA16590120E74F8700C00038 /* YGN_Tuitions */;
			targetProxy = EA16591720E74F8A00C00038 /* PBXContainerItemProxy */;
		};
		EA16592320E74F8A00C00038 /* PBXTargetDependency */ = {
			isa = PBXTargetDependency;
			target = EA16590120E74F8700C00038 /* YGN_Tuitions */;
			targetProxy = EA16592220E74F8A00C00038 /* PBXContainerItemProxy */;
		};
/* End PBXTargetDependency section */

/* Begin PBXVariantGroup section */
		EA16590920E74F8700C00038 /* Main.storyboard */ = {
			isa = PBXVariantGroup;
			children = (
				EA16590A20E74F8700C00038 /* Base */,
			);
			name = Main.storyboard;
			sourceTree = "<group>";
		};
		EA16590E20E74F8900C00038 /* LaunchScreen.storyboard */ = {
			isa = PBXVariantGroup;
			children = (
				EA16590F20E74F8900C00038 /* Base */,
			);
			name = LaunchScreen.storyboard;
			sourceTree = "<group>";
		};
/* End PBXVariantGroup section */

/* Begin XCBuildConfiguration section */
		EA16592820E74F8A00C00038 /* Debug */ = {
			isa = XCBuildConfiguration;
			buildSettings = {
				ALWAYS_SEARCH_USER_PATHS = NO;
				CLANG_ANALYZER_NONNULL = YES;
				CLANG_ANALYZER_NUMBER_OBJECT_CONVERSION = YES_AGGRESSIVE;
				CLANG_CXX_LANGUAGE_STANDARD = "gnu++14";
				CLANG_CXX_LIBRARY = "libc++";
				CLANG_ENABLE_MODULES = YES;
				CLANG_ENABLE_OBJC_ARC = YES;
				CLANG_ENABLE_OBJC_WEAK = YES;
				CLANG_WARN_BLOCK_CAPTURE_AUTORELEASING = YES;
				CLANG_WARN_BOOL_CONVERSION = YES;
				CLANG_WARN_COMMA = YES;
				CLANG_WARN_CONSTANT_CONVERSION = YES;
				CLANG_WARN_DEPRECATED_OBJC_IMPLEMENTATIONS = YES;
				CLANG_WARN_DIRECT_OBJC_ISA_USAGE = YES_ERROR;
				CLANG_WARN_DOCUMENTATION_COMMENTS = YES;
				CLANG_WARN_EMPTY_BODY = YES;
				CLANG_WARN_ENUM_CONVERSION = YES;
				CLANG_WARN_INFINITE_RECURSION = YES;
				CLANG_WARN_INT_CONVERSION = YES;
				CLANG_WARN_NON_LITERAL_NULL_CONVERSION = YES;
				CLANG_WARN_OBJC_IMPLICIT_RETAIN_SELF = YES;
				CLANG_WARN_OBJC_LITERAL_CONVERSION = YES;
				CLANG_WARN_OBJC_ROOT_CLASS = YES_ERROR;
				CLANG_WARN_RANGE_LOOP_ANALYSIS = YES;
				CLANG_WARN_STRICT_PROTOTYPES = YES;
				CLANG_WARN_SUSPICIOUS_MOVE = YES;
				CLANG_WARN_UNGUARDED_AVAILABILITY = YES_AGGRESSIVE;
				CLANG_WARN_UNREACHABLE_CODE = YES;
				CLANG_WARN__DUPLICATE_METHOD_MATCH = YES;
				CODE_SIGN_IDENTITY = "iPhone Developer";
				COPY_PHASE_STRIP = NO;
				DEBUG_INFORMATION_FORMAT = dwarf;
				ENABLE_STRICT_OBJC_MSGSEND = YES;
				ENABLE_TESTABILITY = YES;
				GCC_C_LANGUAGE_STANDARD = gnu11;
				GCC_DYNAMIC_NO_PIC = NO;
				GCC_NO_COMMON_BLOCKS = YES;
				GCC_OPTIMIZATION_LEVEL = 0;
				GCC_PREPROCESSOR_DEFINITIONS = (
					"DEBUG=1",
					"$(inherited)",
				);
				GCC_WARN_64_TO_32_BIT_CONVERSION = YES;
				GCC_WARN_ABOUT_RETURN_TYPE = YES_ERROR;
				GCC_WARN_UNDECLARED_SELECTOR = YES;
				GCC_WARN_UNINITIALIZED_AUTOS = YES_AGGRESSIVE;
				GCC_WARN_UNUSED_FUNCTION = YES;
				GCC_WARN_UNUSED_VARIABLE = YES;
				IPHONEOS_DEPLOYMENT_TARGET = 11.3;
				MTL_ENABLE_DEBUG_INFO = YES;
				ONLY_ACTIVE_ARCH = YES;
				SDKROOT = iphoneos;
				SWIFT_ACTIVE_COMPILATION_CONDITIONS = DEBUG;
				SWIFT_OPTIMIZATION_LEVEL = "-Onone";
			};
			name = Debug;
		};
		EA16592920E74F8A00C00038 /* Release */ = {
			isa = XCBuildConfiguration;
			buildSettings = {
				ALWAYS_SEARCH_USER_PATHS = NO;
				CLANG_ANALYZER_NONNULL = YES;
				CLANG_ANALYZER_NUMBER_OBJECT_CONVERSION = YES_AGGRESSIVE;
				CLANG_CXX_LANGUAGE_STANDARD = "gnu++14";
				CLANG_CXX_LIBRARY = "libc++";
				CLANG_ENABLE_MODULES = YES;
				CLANG_ENABLE_OBJC_ARC = YES;
				CLANG_ENABLE_OBJC_WEAK = YES;
				CLANG_WARN_BLOCK_CAPTURE_AUTORELEASING = YES;
				CLANG_WARN_BOOL_CONVERSION = YES;
				CLANG_WARN_COMMA = YES;
				CLANG_WARN_CONSTANT_CONVERSION = YES;
				CLANG_WARN_DEPRECATED_OBJC_IMPLEMENTATIONS = YES;
				CLANG_WARN_DIRECT_OBJC_ISA_USAGE = YES_ERROR;
				CLANG_WARN_DOCUMENTATION_COMMENTS = YES;
				CLANG_WARN_EMPTY_BODY = YES;
				CLANG_WARN_ENUM_CONVERSION = YES;
				CLANG_WARN_INFINITE_RECURSION = YES;
				CLANG_WARN_INT_CONVERSION = YES;
				CLANG_WARN_NON_LITERAL_NULL_CONVERSION = YES;
				CLANG_WARN_OBJC_IMPLICIT_RETAIN_SELF = YES;
				CLANG_WARN_OBJC_LITERAL_CONVERSION = YES;
				CLANG_WARN_OBJC_ROOT_CLASS = YES_ERROR;
				CLANG_WARN_RANGE_LOOP_ANALYSIS = YES;
				CLANG_WARN_STRICT_PROTOTYPES = YES;
				CLANG_WARN_SUSPICIOUS_MOVE = YES;
				CLANG_WARN_UNGUARDED_AVAILABILITY = YES_AGGRESSIVE;
				CLANG_WARN_UNREACHABLE_CODE = YES;
				CLANG_WARN__DUPLICATE_METHOD_MATCH = YES;
				CODE_SIGN_IDENTITY = "iPhone Developer";
				COPY_PHASE_STRIP = NO;
				DEBUG_INFORMATION_FORMAT = "dwarf-with-dsym";
				ENABLE_NS_ASSERTIONS = NO;
				ENABLE_STRICT_OBJC_MSGSEND = YES;
				GCC_C_LANGUAGE_STANDARD = gnu11;
				GCC_NO_COMMON_BLOCKS = YES;
				GCC_WARN_64_TO_32_BIT_CONVERSION = YES;
				GCC_WARN_ABOUT_RETURN_TYPE = YES_ERROR;
				GCC_WARN_UNDECLARED_SELECTOR = YES;
				GCC_WARN_UNINITIALIZED_AUTOS = YES_AGGRESSIVE;
				GCC_WARN_UNUSED_FUNCTION = YES;
				GCC_WARN_UNUSED_VARIABLE = YES;
				IPHONEOS_DEPLOYMENT_TARGET = 11.3;
				MTL_ENABLE_DEBUG_INFO = NO;
				SDKROOT = iphoneos;
				SWIFT_COMPILATION_MODE = wholemodule;
				SWIFT_OPTIMIZATION_LEVEL = "-O";
				VALIDATE_PRODUCT = YES;
			};
			name = Release;
		};
		EA16592B20E74F8A00C00038 /* Debug */ = {
			isa = XCBuildConfiguration;
			baseConfigurationReference = 19FC7CF512DDE83B7B863C60 /* Pods-YGN_Tuitions.debug.xcconfig */;
			buildSettings = {
				ASSETCATALOG_COMPILER_APPICON_NAME = AppIcon;
				CLANG_ENABLE_MODULES = YES;
				CODE_SIGN_STYLE = Automatic;
				DEVELOPMENT_TEAM = 2PYA34AW5V;
				INFOPLIST_FILE = YGN_Tutions/Info.plist;
				IPHONEOS_DEPLOYMENT_TARGET = 10.0;
				LD_RUNPATH_SEARCH_PATHS = (
					"$(inherited)",
					"@executable_path/Frameworks",
				);
				PRODUCT_BUNDLE_IDENTIFIER = "timmytseng.YGN-Tutions";
				PRODUCT_NAME = "$(TARGET_NAME)";
				SWIFT_OBJC_BRIDGING_HEADER = "YGN_Tutions/YGN_Tuitions-Bridging-Header.h";
				SWIFT_OPTIMIZATION_LEVEL = "-Onone";
				SWIFT_VERSION = 4.0;
				TARGETED_DEVICE_FAMILY = "1,2";
			};
			name = Debug;
		};
		EA16592C20E74F8A00C00038 /* Release */ = {
			isa = XCBuildConfiguration;
			baseConfigurationReference = 718663C1EE5E9D22B92772EF /* Pods-YGN_Tuitions.release.xcconfig */;
			buildSettings = {
				ASSETCATALOG_COMPILER_APPICON_NAME = AppIcon;
				CLANG_ENABLE_MODULES = YES;
				CODE_SIGN_STYLE = Automatic;
				DEVELOPMENT_TEAM = 2PYA34AW5V;
				INFOPLIST_FILE = YGN_Tutions/Info.plist;
				IPHONEOS_DEPLOYMENT_TARGET = 10.0;
				LD_RUNPATH_SEARCH_PATHS = (
					"$(inherited)",
					"@executable_path/Frameworks",
				);
				PRODUCT_BUNDLE_IDENTIFIER = "timmytseng.YGN-Tutions";
				PRODUCT_NAME = "$(TARGET_NAME)";
				SWIFT_OBJC_BRIDGING_HEADER = "YGN_Tutions/YGN_Tuitions-Bridging-Header.h";
				SWIFT_VERSION = 4.0;
				TARGETED_DEVICE_FAMILY = "1,2";
			};
			name = Release;
		};
		EA16592E20E74F8A00C00038 /* Debug */ = {
			isa = XCBuildConfiguration;
			baseConfigurationReference = 3DDEACDB5B4ECF43382A6525 /* Pods-YGN_TuitionsTests.debug.xcconfig */;
			buildSettings = {
				ALWAYS_EMBED_SWIFT_STANDARD_LIBRARIES = YES;
				BUNDLE_LOADER = "$(TEST_HOST)";
				CLANG_ENABLE_MODULES = YES;
				CODE_SIGN_STYLE = Automatic;
				DEVELOPMENT_TEAM = 2PYA34AW5V;
				INFOPLIST_FILE = YGN_TutionsTests/Info.plist;
				LD_RUNPATH_SEARCH_PATHS = (
					"$(inherited)",
					"@executable_path/Frameworks",
					"@loader_path/Frameworks",
				);
				PRODUCT_BUNDLE_IDENTIFIER = "timmytseng.YGN-TutionsTests";
				PRODUCT_NAME = "$(TARGET_NAME)";
				SWIFT_OBJC_BRIDGING_HEADER = "YGN_Tutions/YGN_TuitionsTests-Bridging-Header.h";
				SWIFT_OPTIMIZATION_LEVEL = "-Onone";
				SWIFT_VERSION = 4.0;
				TARGETED_DEVICE_FAMILY = "1,2";
				TEST_HOST = "$(BUILT_PRODUCTS_DIR)/YGN_Tuitions.app/YGN_Tuitions";
			};
			name = Debug;
		};
		EA16592F20E74F8A00C00038 /* Release */ = {
			isa = XCBuildConfiguration;
			baseConfigurationReference = 0AEFBD6B107FD32D1D31883C /* Pods-YGN_TuitionsTests.release.xcconfig */;
			buildSettings = {
				ALWAYS_EMBED_SWIFT_STANDARD_LIBRARIES = YES;
				BUNDLE_LOADER = "$(TEST_HOST)";
				CLANG_ENABLE_MODULES = YES;
				CODE_SIGN_STYLE = Automatic;
				DEVELOPMENT_TEAM = 2PYA34AW5V;
				INFOPLIST_FILE = YGN_TutionsTests/Info.plist;
				LD_RUNPATH_SEARCH_PATHS = (
					"$(inherited)",
					"@executable_path/Frameworks",
					"@loader_path/Frameworks",
				);
				PRODUCT_BUNDLE_IDENTIFIER = "timmytseng.YGN-TutionsTests";
				PRODUCT_NAME = "$(TARGET_NAME)";
				SWIFT_OBJC_BRIDGING_HEADER = "YGN_Tutions/YGN_TuitionsTests-Bridging-Header.h";
				SWIFT_VERSION = 4.0;
				TARGETED_DEVICE_FAMILY = "1,2";
				TEST_HOST = "$(BUILT_PRODUCTS_DIR)/YGN_Tuitions.app/YGN_Tuitions";
			};
			name = Release;
		};
		EA16593120E74F8A00C00038 /* Debug */ = {
			isa = XCBuildConfiguration;
			baseConfigurationReference = EDFE83FD850530CE136B23E3 /* Pods-YGN_TuitionsUITests.debug.xcconfig */;
			buildSettings = {
				ALWAYS_EMBED_SWIFT_STANDARD_LIBRARIES = YES;
				CLANG_ENABLE_MODULES = YES;
				CODE_SIGN_STYLE = Automatic;
				DEVELOPMENT_TEAM = 2PYA34AW5V;
				INFOPLIST_FILE = YGN_TutionsUITests/Info.plist;
				LD_RUNPATH_SEARCH_PATHS = (
					"$(inherited)",
					"@executable_path/Frameworks",
					"@loader_path/Frameworks",
				);
				PRODUCT_BUNDLE_IDENTIFIER = "timmytseng.YGN-TutionsUITests";
				PRODUCT_NAME = "$(TARGET_NAME)";
				SWIFT_OBJC_BRIDGING_HEADER = "YGN_Tutions/YGN_TuitionsUITests-Bridging-Header.h";
				SWIFT_OPTIMIZATION_LEVEL = "-Onone";
				SWIFT_VERSION = 4.0;
				TARGETED_DEVICE_FAMILY = "1,2";
				TEST_TARGET_NAME = YGN_Tutions;
			};
			name = Debug;
		};
		EA16593220E74F8A00C00038 /* Release */ = {
			isa = XCBuildConfiguration;
			baseConfigurationReference = C64E7DAD45E567313444AECA /* Pods-YGN_TuitionsUITests.release.xcconfig */;
			buildSettings = {
				ALWAYS_EMBED_SWIFT_STANDARD_LIBRARIES = YES;
				CLANG_ENABLE_MODULES = YES;
				CODE_SIGN_STYLE = Automatic;
				DEVELOPMENT_TEAM = 2PYA34AW5V;
				INFOPLIST_FILE = YGN_TutionsUITests/Info.plist;
				LD_RUNPATH_SEARCH_PATHS = (
					"$(inherited)",
					"@executable_path/Frameworks",
					"@loader_path/Frameworks",
				);
				PRODUCT_BUNDLE_IDENTIFIER = "timmytseng.YGN-TutionsUITests";
				PRODUCT_NAME = "$(TARGET_NAME)";
				SWIFT_OBJC_BRIDGING_HEADER = "YGN_Tutions/YGN_TuitionsUITests-Bridging-Header.h";
				SWIFT_VERSION = 4.0;
				TARGETED_DEVICE_FAMILY = "1,2";
				TEST_TARGET_NAME = YGN_Tutions;
			};
			name = Release;
		};
/* End XCBuildConfiguration section */

/* Begin XCConfigurationList section */
		EA1658FD20E74F8700C00038 /* Build configuration list for PBXProject "YGN_Tuitions" */ = {
			isa = XCConfigurationList;
			buildConfigurations = (
				EA16592820E74F8A00C00038 /* Debug */,
				EA16592920E74F8A00C00038 /* Release */,
			);
			defaultConfigurationIsVisible = 0;
			defaultConfigurationName = Release;
		};
		EA16592A20E74F8A00C00038 /* Build configuration list for PBXNativeTarget "YGN_Tuitions" */ = {
			isa = XCConfigurationList;
			buildConfigurations = (
				EA16592B20E74F8A00C00038 /* Debug */,
				EA16592C20E74F8A00C00038 /* Release */,
			);
			defaultConfigurationIsVisible = 0;
			defaultConfigurationName = Release;
		};
		EA16592D20E74F8A00C00038 /* Build configuration list for PBXNativeTarget "YGN_TuitionsTests" */ = {
			isa = XCConfigurationList;
			buildConfigurations = (
				EA16592E20E74F8A00C00038 /* Debug */,
				EA16592F20E74F8A00C00038 /* Release */,
			);
			defaultConfigurationIsVisible = 0;
			defaultConfigurationName = Release;
		};
		EA16593020E74F8A00C00038 /* Build configuration list for PBXNativeTarget "YGN_TuitionsUITests" */ = {
			isa = XCConfigurationList;
			buildConfigurations = (
				EA16593120E74F8A00C00038 /* Debug */,
				EA16593220E74F8A00C00038 /* Release */,
			);
			defaultConfigurationIsVisible = 0;
			defaultConfigurationName = Release;
		};
/* End XCConfigurationList section */
	};
	rootObject = EA1658FA20E74F8700C00038 /* Project object */;
}
